// !$*UTF8*$!
{
	archiveVersion = 1;
	classes = {
	};
	objectVersion = 46;
	objects = {

/* Begin PBXBuildFile section */
		810114D71DA89AC00052456C /* LOLDescView.swift in Sources */ = {isa = PBXBuildFile; fileRef = 810114D21DA89AC00052456C /* LOLDescView.swift */; };
		810114D81DA89AC00052456C /* LOLMainBottomView.swift in Sources */ = {isa = PBXBuildFile; fileRef = 810114D31DA89AC00052456C /* LOLMainBottomView.swift */; };
		810114D91DA89AC00052456C /* LOLMainHeadView.swift in Sources */ = {isa = PBXBuildFile; fileRef = 810114D41DA89AC00052456C /* LOLMainHeadView.swift */; };
		810114DA1DA89AC00052456C /* LOLMeController.swift in Sources */ = {isa = PBXBuildFile; fileRef = 810114D51DA89AC00052456C /* LOLMeController.swift */; };
		810114DB1DA89AC00052456C /* LOLRecordTableViewCell.swift in Sources */ = {isa = PBXBuildFile; fileRef = 810114D61DA89AC00052456C /* LOLRecordTableViewCell.swift */; };
		8130C41A1D9C0EFB004E4BD8 /* LOLMacro.swift in Sources */ = {isa = PBXBuildFile; fileRef = 8130C4191D9C0EFB004E4BD8 /* LOLMacro.swift */; };
		81D29C951DA9217A00D3F5DD /* LOLRecordViewController.swift in Sources */ = {isa = PBXBuildFile; fileRef = 81D29C941DA9217A00D3F5DD /* LOLRecordViewController.swift */; };
		81D29C971DA9E32C00D3F5DD /* LOLBaseViewController.swift in Sources */ = {isa = PBXBuildFile; fileRef = 81D29C961DA9E32C00D3F5DD /* LOLBaseViewController.swift */; };
		81D29C991DA9E3B400D3F5DD /* LOLNavigationBar.swift in Sources */ = {isa = PBXBuildFile; fileRef = 81D29C981DA9E3B400D3F5DD /* LOLNavigationBar.swift */; };
		81D615CA1D9B9DE200E17F95 /* AppDelegate.swift in Sources */ = {isa = PBXBuildFile; fileRef = 81D615C91D9B9DE200E17F95 /* AppDelegate.swift */; };
		81D615CE1D9B9DE200E17F95 /* LOLDataController.swift in Sources */ = {isa = PBXBuildFile; fileRef = 81D615CD1D9B9DE200E17F95 /* LOLDataController.swift */; };
		81D615D31D9B9DE200E17F95 /* Assets.xcassets in Resources */ = {isa = PBXBuildFile; fileRef = 81D615D21D9B9DE200E17F95 /* Assets.xcassets */; };
		81D615D61D9B9DE200E17F95 /* LaunchScreen.storyboard in Resources */ = {isa = PBXBuildFile; fileRef = 81D615D41D9B9DE200E17F95 /* LaunchScreen.storyboard */; };
		81D615E21D9BD5DB00E17F95 /* LOLTabBarController.swift in Sources */ = {isa = PBXBuildFile; fileRef = 81D615E11D9BD5DB00E17F95 /* LOLTabBarController.swift */; };
		9BB0ACDA059550F92C8D0802 /* Pods_LOL.framework in Frameworks */ = {isa = PBXBuildFile; fileRef = 838B3B5A46142132B7B69E8A /* Pods_LOL.framework */; };
/* End PBXBuildFile section */

/* Begin PBXFileReference section */
		41FAE5E8DF7B2EF8E6BEE9F2 /* Pods-LOL.debug.xcconfig */ = {isa = PBXFileReference; includeInIndex = 1; lastKnownFileType = text.xcconfig; name = "Pods-LOL.debug.xcconfig"; path = "Pods/Target Support Files/Pods-LOL/Pods-LOL.debug.xcconfig"; sourceTree = "<group>"; };
		5B8BA6A12FD6BC9FF575B21E /* Pods-LOL.release.xcconfig */ = {isa = PBXFileReference; includeInIndex = 1; lastKnownFileType = text.xcconfig; name = "Pods-LOL.release.xcconfig"; path = "Pods/Target Support Files/Pods-LOL/Pods-LOL.release.xcconfig"; sourceTree = "<group>"; };
		810114D21DA89AC00052456C /* LOLDescView.swift */ = {isa = PBXFileReference; fileEncoding = 4; lastKnownFileType = sourcecode.swift; path = LOLDescView.swift; sourceTree = "<group>"; };
		810114D31DA89AC00052456C /* LOLMainBottomView.swift */ = {isa = PBXFileReference; fileEncoding = 4; lastKnownFileType = sourcecode.swift; path = LOLMainBottomView.swift; sourceTree = "<group>"; };
		810114D41DA89AC00052456C /* LOLMainHeadView.swift */ = {isa = PBXFileReference; fileEncoding = 4; lastKnownFileType = sourcecode.swift; path = LOLMainHeadView.swift; sourceTree = "<group>"; };
		810114D51DA89AC00052456C /* LOLMeController.swift */ = {isa = PBXFileReference; fileEncoding = 4; lastKnownFileType = sourcecode.swift; path = LOLMeController.swift; sourceTree = "<group>"; };
		810114D61DA89AC00052456C /* LOLRecordTableViewCell.swift */ = {isa = PBXFileReference; fileEncoding = 4; lastKnownFileType = sourcecode.swift; path = LOLRecordTableViewCell.swift; sourceTree = "<group>"; };
		8130C4191D9C0EFB004E4BD8 /* LOLMacro.swift */ = {isa = PBXFileReference; fileEncoding = 4; lastKnownFileType = sourcecode.swift; path = LOLMacro.swift; sourceTree = "<group>"; };
		81D29C941DA9217A00D3F5DD /* LOLRecordViewController.swift */ = {isa = PBXFileReference; fileEncoding = 4; lastKnownFileType = sourcecode.swift; path = LOLRecordViewController.swift; sourceTree = "<group>"; };
		81D29C961DA9E32C00D3F5DD /* LOLBaseViewController.swift */ = {isa = PBXFileReference; fileEncoding = 4; lastKnownFileType = sourcecode.swift; path = LOLBaseViewController.swift; sourceTree = "<group>"; };
		81D29C981DA9E3B400D3F5DD /* LOLNavigationBar.swift */ = {isa = PBXFileReference; fileEncoding = 4; lastKnownFileType = sourcecode.swift; path = LOLNavigationBar.swift; sourceTree = "<group>"; };
		81D615C61D9B9DE200E17F95 /* LOL.app */ = {isa = PBXFileReference; explicitFileType = wrapper.application; includeInIndex = 0; path = LOL.app; sourceTree = BUILT_PRODUCTS_DIR; };
		81D615C91D9B9DE200E17F95 /* AppDelegate.swift */ = {isa = PBXFileReference; lastKnownFileType = sourcecode.swift; path = AppDelegate.swift; sourceTree = "<group>"; };
		81D615CD1D9B9DE200E17F95 /* LOLDataController.swift */ = {isa = PBXFileReference; lastKnownFileType = sourcecode.swift; path = LOLDataController.swift; sourceTree = "<group>"; };
		81D615D21D9B9DE200E17F95 /* Assets.xcassets */ = {isa = PBXFileReference; lastKnownFileType = folder.assetcatalog; path = Assets.xcassets; sourceTree = "<group>"; };
		81D615D51D9B9DE200E17F95 /* Base */ = {isa = PBXFileReference; lastKnownFileType = file.storyboard; name = Base; path = Base.lproj/LaunchScreen.storyboard; sourceTree = "<group>"; };
		81D615D71D9B9DE200E17F95 /* Info.plist */ = {isa = PBXFileReference; lastKnownFileType = text.plist.xml; path = Info.plist; sourceTree = "<group>"; };
		81D615E11D9BD5DB00E17F95 /* LOLTabBarController.swift */ = {isa = PBXFileReference; fileEncoding = 4; lastKnownFileType = sourcecode.swift; path = LOLTabBarController.swift; sourceTree = "<group>"; };
		838B3B5A46142132B7B69E8A /* Pods_LOL.framework */ = {isa = PBXFileReference; explicitFileType = wrapper.framework; includeInIndex = 0; path = Pods_LOL.framework; sourceTree = BUILT_PRODUCTS_DIR; };
/* End PBXFileReference section */

/* Begin PBXFrameworksBuildPhase section */
		81D615C31D9B9DE200E17F95 /* Frameworks */ = {
			isa = PBXFrameworksBuildPhase;
			buildActionMask = 2147483647;
			files = (
				9BB0ACDA059550F92C8D0802 /* Pods_LOL.framework in Frameworks */,
			);
			runOnlyForDeploymentPostprocessing = 0;
		};
/* End PBXFrameworksBuildPhase section */

/* Begin PBXGroup section */
		810114D11DA89AC00052456C /* me */ = {
			isa = PBXGroup;
			children = (
				810114D51DA89AC00052456C /* LOLMeController.swift */,
				810114D41DA89AC00052456C /* LOLMainHeadView.swift */,
				810114D31DA89AC00052456C /* LOLMainBottomView.swift */,
				810114D21DA89AC00052456C /* LOLDescView.swift */,
				810114D61DA89AC00052456C /* LOLRecordTableViewCell.swift */,
			);
			path = me;
			sourceTree = "<group>";
		};
		81D29C931DA9213F00D3F5DD /* record */ = {
			isa = PBXGroup;
			children = (
				81D29C941DA9217A00D3F5DD /* LOLRecordViewController.swift */,
			);
			path = record;
			sourceTree = "<group>";
		};
		81D615BD1D9B9DE200E17F95 = {
			isa = PBXGroup;
			children = (
				81D615C81D9B9DE200E17F95 /* LOL */,
				81D615C71D9B9DE200E17F95 /* Products */,
				91B701FF5EF665E6B20B5651 /* Pods */,
				CA0F59B76FCC870BBAC4F25D /* Frameworks */,
			);
			sourceTree = "<group>";
		};
		81D615C71D9B9DE200E17F95 /* Products */ = {
			isa = PBXGroup;
			children = (
				81D615C61D9B9DE200E17F95 /* LOL.app */,
			);
			name = Products;
			sourceTree = "<group>";
		};
		81D615C81D9B9DE200E17F95 /* LOL */ = {
			isa = PBXGroup;
			children = (
				81D29C931DA9213F00D3F5DD /* record */,
				810114D11DA89AC00052456C /* me */,
				81D615C91D9B9DE200E17F95 /* AppDelegate.swift */,
				81D615E11D9BD5DB00E17F95 /* LOLTabBarController.swift */,
				81D615CD1D9B9DE200E17F95 /* LOLDataController.swift */,
				8130C4191D9C0EFB004E4BD8 /* LOLMacro.swift */,
				81D29C961DA9E32C00D3F5DD /* LOLBaseViewController.swift */,
				81D29C981DA9E3B400D3F5DD /* LOLNavigationBar.swift */,
				81D615D21D9B9DE200E17F95 /* Assets.xcassets */,
				81D615D41D9B9DE200E17F95 /* LaunchScreen.storyboard */,
				81D615D71D9B9DE200E17F95 /* Info.plist */,
			);
			path = LOL;
			sourceTree = "<group>";
		};
		91B701FF5EF665E6B20B5651 /* Pods */ = {
			isa = PBXGroup;
			children = (
				41FAE5E8DF7B2EF8E6BEE9F2 /* Pods-LOL.debug.xcconfig */,
				5B8BA6A12FD6BC9FF575B21E /* Pods-LOL.release.xcconfig */,
			);
			name = Pods;
			sourceTree = "<group>";
		};
		CA0F59B76FCC870BBAC4F25D /* Frameworks */ = {
			isa = PBXGroup;
			children = (
				838B3B5A46142132B7B69E8A /* Pods_LOL.framework */,
			);
			name = Frameworks;
			sourceTree = "<group>";
		};
/* End PBXGroup section */

/* Begin PBXNativeTarget section */
		81D615C51D9B9DE200E17F95 /* LOL */ = {
			isa = PBXNativeTarget;
			buildConfigurationList = 81D615DA1D9B9DE200E17F95 /* Build configuration list for PBXNativeTarget "LOL" */;
			buildPhases = (
				4EC81535EE211C600C9C9F50 /* 📦 Check Pods Manifest.lock */,
				81D615C21D9B9DE200E17F95 /* Sources */,
				81D615C31D9B9DE200E17F95 /* Frameworks */,
				81D615C41D9B9DE200E17F95 /* Resources */,
				DA0BA6A26DA848C98EAA9D65 /* 📦 Embed Pods Frameworks */,
				7A25B79E1DC0A9F6C49ED3F2 /* 📦 Copy Pods Resources */,
			);
			buildRules = (
			);
			dependencies = (
			);
			name = LOL;
			productName = LOL;
			productReference = 81D615C61D9B9DE200E17F95 /* LOL.app */;
			productType = "com.apple.product-type.application";
		};
/* End PBXNativeTarget section */

/* Begin PBXProject section */
		81D615BE1D9B9DE200E17F95 /* Project object */ = {
			isa = PBXProject;
			attributes = {
				LastSwiftUpdateCheck = 0800;
				LastUpgradeCheck = 0800;
				ORGANIZATIONNAME = Scorpio;
				TargetAttributes = {
					81D615C51D9B9DE200E17F95 = {
						CreatedOnToolsVersion = 8.0;
						DevelopmentTeam = L5LJ88M867;
						LastSwiftMigration = 0800;
						ProvisioningStyle = Automatic;
					};
				};
			};
			buildConfigurationList = 81D615C11D9B9DE200E17F95 /* Build configuration list for PBXProject "LOL" */;
			compatibilityVersion = "Xcode 3.2";
			developmentRegion = English;
			hasScannedForEncodings = 0;
			knownRegions = (
				en,
				Base,
			);
			mainGroup = 81D615BD1D9B9DE200E17F95;
			productRefGroup = 81D615C71D9B9DE200E17F95 /* Products */;
			projectDirPath = "";
			projectRoot = "";
			targets = (
				81D615C51D9B9DE200E17F95 /* LOL */,
			);
		};
/* End PBXProject section */

/* Begin PBXResourcesBuildPhase section */
		81D615C41D9B9DE200E17F95 /* Resources */ = {
			isa = PBXResourcesBuildPhase;
			buildActionMask = 2147483647;
			files = (
				81D615D61D9B9DE200E17F95 /* LaunchScreen.storyboard in Resources */,
				81D615D31D9B9DE200E17F95 /* Assets.xcassets in Resources */,
			);
			runOnlyForDeploymentPostprocessing = 0;
		};
/* End PBXResourcesBuildPhase section */

/* Begin PBXShellScriptBuildPhase section */
		4EC81535EE211C600C9C9F50 /* 📦 Check Pods Manifest.lock */ = {
			isa = PBXShellScriptBuildPhase;
			buildActionMask = 2147483647;
			files = (
			);
			inputPaths = (
			);
			name = "📦 Check Pods Manifest.lock";
			outputPaths = (
			);
			runOnlyForDeploymentPostprocessing = 0;
			shellPath = /bin/sh;
			shellScript = "diff \"${PODS_ROOT}/../Podfile.lock\" \"${PODS_ROOT}/Manifest.lock\" > /dev/null\nif [[ $? != 0 ]] ; then\n    cat << EOM\nerror: The sandbox is not in sync with the Podfile.lock. Run 'pod install' or update your CocoaPods installation.\nEOM\n    exit 1\nfi\n";
			showEnvVarsInLog = 0;
		};
		7A25B79E1DC0A9F6C49ED3F2 /* 📦 Copy Pods Resources */ = {
			isa = PBXShellScriptBuildPhase;
			buildActionMask = 2147483647;
			files = (
			);
			inputPaths = (
			);
			name = "📦 Copy Pods Resources";
			outputPaths = (
			);
			runOnlyForDeploymentPostprocessing = 0;
			shellPath = /bin/sh;
			shellScript = "\"${SRCROOT}/Pods/Target Support Files/Pods-LOL/Pods-LOL-resources.sh\"\n";
			showEnvVarsInLog = 0;
		};
		DA0BA6A26DA848C98EAA9D65 /* 📦 Embed Pods Frameworks */ = {
			isa = PBXShellScriptBuildPhase;
			buildActionMask = 2147483647;
			files = (
			);
			inputPaths = (
			);
			name = "📦 Embed Pods Frameworks";
			outputPaths = (
			);
			runOnlyForDeploymentPostprocessing = 0;
			shellPath = /bin/sh;
			shellScript = "\"${SRCROOT}/Pods/Target Support Files/Pods-LOL/Pods-LOL-frameworks.sh\"\n";
			showEnvVarsInLog = 0;
		};
/* End PBXShellScriptBuildPhase section */

/* Begin PBXSourcesBuildPhase section */
		81D615C21D9B9DE200E17F95 /* Sources */ = {
			isa = PBXSourcesBuildPhase;
			buildActionMask = 2147483647;
			files = (
				81D615CE1D9B9DE200E17F95 /* LOLDataController.swift in Sources */,
				81D29C991DA9E3B400D3F5DD /* LOLNavigationBar.swift in Sources */,
				81D29C971DA9E32C00D3F5DD /* LOLBaseViewController.swift in Sources */,
				810114D71DA89AC00052456C /* LOLDescView.swift in Sources */,
				810114D81DA89AC00052456C /* LOLMainBottomView.swift in Sources */,
				81D29C951DA9217A00D3F5DD /* LOLRecordViewController.swift in Sources */,
				810114DB1DA89AC00052456C /* LOLRecordTableViewCell.swift in Sources */,
				81D615CA1D9B9DE200E17F95 /* AppDelegate.swift in Sources */,
				81D615E21D9BD5DB00E17F95 /* LOLTabBarController.swift in Sources */,
				810114DA1DA89AC00052456C /* LOLMeController.swift in Sources */,
				8130C41A1D9C0EFB004E4BD8 /* LOLMacro.swift in Sources */,
				810114D91DA89AC00052456C /* LOLMainHeadView.swift in Sources */,
			);
			runOnlyForDeploymentPostprocessing = 0;
		};
/* End PBXSourcesBuildPhase section */

/* Begin PBXVariantGroup section */
		81D615D41D9B9DE200E17F95 /* LaunchScreen.storyboard */ = {
			isa = PBXVariantGroup;
			children = (
				81D615D51D9B9DE200E17F95 /* Base */,
			);
			name = LaunchScreen.storyboard;
			sourceTree = "<group>";
		};
/* End PBXVariantGroup section */

/* Begin XCBuildConfiguration section */
		81D615D81D9B9DE200E17F95 /* Debug */ = {
			isa = XCBuildConfiguration;
			buildSettings = {
				ALWAYS_SEARCH_USER_PATHS = NO;
				CLANG_ANALYZER_NONNULL = YES;
				CLANG_CXX_LANGUAGE_STANDARD = "gnu++0x";
				CLANG_CXX_LIBRARY = "libc++";
				CLANG_ENABLE_MODULES = YES;
				CLANG_ENABLE_OBJC_ARC = YES;
				CLANG_WARN_BOOL_CONVERSION = YES;
				CLANG_WARN_CONSTANT_CONVERSION = YES;
				CLANG_WARN_DIRECT_OBJC_ISA_USAGE = YES_ERROR;
				CLANG_WARN_DOCUMENTATION_COMMENTS = YES;
				CLANG_WARN_EMPTY_BODY = YES;
				CLANG_WARN_ENUM_CONVERSION = YES;
				CLANG_WARN_INFINITE_RECURSION = YES;
				CLANG_WARN_INT_CONVERSION = YES;
				CLANG_WARN_OBJC_ROOT_CLASS = YES_ERROR;
				CLANG_WARN_SUSPICIOUS_MOVE = YES;
				CLANG_WARN_SUSPICIOUS_MOVES = YES;
				CLANG_WARN_UNREACHABLE_CODE = YES;
				CLANG_WARN__DUPLICATE_METHOD_MATCH = YES;
				"CODE_SIGN_IDENTITY[sdk=iphoneos*]" = "iPhone Developer";
				COPY_PHASE_STRIP = NO;
				DEBUG_INFORMATION_FORMAT = dwarf;
				ENABLE_STRICT_OBJC_MSGSEND = YES;
				ENABLE_TESTABILITY = YES;
				GCC_C_LANGUAGE_STANDARD = gnu99;
				GCC_DYNAMIC_NO_PIC = NO;
				GCC_NO_COMMON_BLOCKS = YES;
				GCC_OPTIMIZATION_LEVEL = 0;
				GCC_PREPROCESSOR_DEFINITIONS = (
					"DEBUG=1",
					"$(inherited)",
				);
				GCC_WARN_64_TO_32_BIT_CONVERSION = YES;
				GCC_WARN_ABOUT_RETURN_TYPE = YES_ERROR;
				GCC_WARN_UNDECLARED_SELECTOR = YES;
				GCC_WARN_UNINITIALIZED_AUTOS = YES_AGGRESSIVE;
				GCC_WARN_UNUSED_FUNCTION = YES;
				GCC_WARN_UNUSED_VARIABLE = YES;
				IPHONEOS_DEPLOYMENT_TARGET = 10.0;
				MTL_ENABLE_DEBUG_INFO = YES;
				ONLY_ACTIVE_ARCH = YES;
				SDKROOT = iphoneos;
				SWIFT_ACTIVE_COMPILATION_CONDITIONS = DEBUG;
				SWIFT_OPTIMIZATION_LEVEL = "-Onone";
			};
			name = Debug;
		};
		81D615D91D9B9DE200E17F95 /* Release */ = {
			isa = XCBuildConfiguration;
			buildSettings = {
				ALWAYS_SEARCH_USER_PATHS = NO;
				CLANG_ANALYZER_NONNULL = YES;
				CLANG_CXX_LANGUAGE_STANDARD = "gnu++0x";
				CLANG_CXX_LIBRARY = "libc++";
				CLANG_ENABLE_MODULES = YES;
				CLANG_ENABLE_OBJC_ARC = YES;
				CLANG_WARN_BOOL_CONVERSION = YES;
				CLANG_WARN_CONSTANT_CONVERSION = YES;
				CLANG_WARN_DIRECT_OBJC_ISA_USAGE = YES_ERROR;
				CLANG_WARN_DOCUMENTATION_COMMENTS = YES;
				CLANG_WARN_EMPTY_BODY = YES;
				CLANG_WARN_ENUM_CONVERSION = YES;
				CLANG_WARN_INFINITE_RECURSION = YES;
				CLANG_WARN_INT_CONVERSION = YES;
				CLANG_WARN_OBJC_ROOT_CLASS = YES_ERROR;
				CLANG_WARN_SUSPICIOUS_MOVE = YES;
				CLANG_WARN_SUSPICIOUS_MOVES = YES;
				CLANG_WARN_UNREACHABLE_CODE = YES;
				CLANG_WARN__DUPLICATE_METHOD_MATCH = YES;
				"CODE_SIGN_IDENTITY[sdk=iphoneos*]" = "iPhone Developer";
				COPY_PHASE_STRIP = NO;
				DEBUG_INFORMATION_FORMAT = "dwarf-with-dsym";
				ENABLE_NS_ASSERTIONS = NO;
				ENABLE_STRICT_OBJC_MSGSEND = YES;
				GCC_C_LANGUAGE_STANDARD = gnu99;
				GCC_NO_COMMON_BLOCKS = YES;
				GCC_WARN_64_TO_32_BIT_CONVERSION = YES;
				GCC_WARN_ABOUT_RETURN_TYPE = YES_ERROR;
				GCC_WARN_UNDECLARED_SELECTOR = YES;
				GCC_WARN_UNINITIALIZED_AUTOS = YES_AGGRESSIVE;
				GCC_WARN_UNUSED_FUNCTION = YES;
				GCC_WARN_UNUSED_VARIABLE = YES;
				IPHONEOS_DEPLOYMENT_TARGET = 10.0;
				MTL_ENABLE_DEBUG_INFO = NO;
				SDKROOT = iphoneos;
				SWIFT_OPTIMIZATION_LEVEL = "-Owholemodule";
				VALIDATE_PRODUCT = YES;
			};
			name = Release;
		};
		81D615DB1D9B9DE200E17F95 /* Debug */ = {
			isa = XCBuildConfiguration;
			baseConfigurationReference = 41FAE5E8DF7B2EF8E6BEE9F2 /* Pods-LOL.debug.xcconfig */;
			buildSettings = {
				ALWAYS_EMBED_SWIFT_STANDARD_LIBRARIES = YES;
				ASSETCATALOG_COMPILER_APPICON_NAME = AppIcon;
				DEVELOPMENT_TEAM = L5LJ88M867;
				INFOPLIST_FILE = LOL/Info.plist;
				LD_RUNPATH_SEARCH_PATHS = "$(inherited) @executable_path/Frameworks";
				PRODUCT_BUNDLE_IDENTIFIER = com.scorpio.lol;
				PRODUCT_NAME = "$(TARGET_NAME)";
				SWIFT_VERSION = 3.0;
			};
			name = Debug;
		};
		81D615DC1D9B9DE200E17F95 /* Release */ = {
			isa = XCBuildConfiguration;
			baseConfigurationReference = 5B8BA6A12FD6BC9FF575B21E /* Pods-LOL.release.xcconfig */;
			buildSettings = {
				ALWAYS_EMBED_SWIFT_STANDARD_LIBRARIES = YES;
				ASSETCATALOG_COMPILER_APPICON_NAME = AppIcon;
				DEVELOPMENT_TEAM = L5LJ88M867;
				INFOPLIST_FILE = LOL/Info.plist;
				LD_RUNPATH_SEARCH_PATHS = "$(inherited) @executable_path/Frameworks";
				PRODUCT_BUNDLE_IDENTIFIER = com.scorpio.lol;
				PRODUCT_NAME = "$(TARGET_NAME)";
				SWIFT_VERSION = 3.0;
			};
			name = Release;
		};
/* End XCBuildConfiguration section */

/* Begin XCConfigurationList section */
		81D615C11D9B9DE200E17F95 /* Build configuration list for PBXProject "LOL" */ = {
			isa = XCConfigurationList;
			buildConfigurations = (
				81D615D81D9B9DE200E17F95 /* Debug */,
				81D615D91D9B9DE200E17F95 /* Release */,
			);
			defaultConfigurationIsVisible = 0;
			defaultConfigurationName = Release;
		};
		81D615DA1D9B9DE200E17F95 /* Build configuration list for PBXNativeTarget "LOL" */ = {
			isa = XCConfigurationList;
			buildConfigurations = (
				81D615DB1D9B9DE200E17F95 /* Debug */,
				81D615DC1D9B9DE200E17F95 /* Release */,
			);
			defaultConfigurationIsVisible = 0;
			defaultConfigurationName = Release;
		};
/* End XCConfigurationList section */
	};
	rootObject = 81D615BE1D9B9DE200E17F95 /* Project object */;
}
